// !$*UTF8*$!
{
	archiveVersion = 1;
	classes = {
	};
	objectVersion = 46;
	objects = {

/* Begin PBXBuildFile section */
		203439E5196F132800C7752A /* TACDeviceModel.m in Sources */ = {isa = PBXBuildFile; fileRef = 203439E4196F132800C7752A /* TACDeviceModel.m */; };
		209BF312196F1AC000331A05 /* TACDataModel.m in Sources */ = {isa = PBXBuildFile; fileRef = 209BF311196F1AC000331A05 /* TACDataModel.m */; };
		209BF315196F1F3300331A05 /* TACRecordModel.m in Sources */ = {isa = PBXBuildFile; fileRef = 209BF314196F1F3300331A05 /* TACRecordModel.m */; };
		20B76F901964538600605B9F /* Foundation.framework in Frameworks */ = {isa = PBXBuildFile; fileRef = 20B76F8F1964538600605B9F /* Foundation.framework */; };
		20B76F921964538600605B9F /* CoreGraphics.framework in Frameworks */ = {isa = PBXBuildFile; fileRef = 20B76F911964538600605B9F /* CoreGraphics.framework */; };
		20B76F941964538600605B9F /* UIKit.framework in Frameworks */ = {isa = PBXBuildFile; fileRef = 20B76F931964538600605B9F /* UIKit.framework */; };
		20B76F9A1964538600605B9F /* InfoPlist.strings in Resources */ = {isa = PBXBuildFile; fileRef = 20B76F981964538600605B9F /* InfoPlist.strings */; };
		20B76F9C1964538600605B9F /* main.m in Sources */ = {isa = PBXBuildFile; fileRef = 20B76F9B1964538600605B9F /* main.m */; };
		20B76FA01964538600605B9F /* TACAppDelegate.m in Sources */ = {isa = PBXBuildFile; fileRef = 20B76F9F1964538600605B9F /* TACAppDelegate.m */; };
		20B76FA31964538600605B9F /* Main.storyboard in Resources */ = {isa = PBXBuildFile; fileRef = 20B76FA11964538600605B9F /* Main.storyboard */; };
		20B76FAB1964538600605B9F /* Images.xcassets in Resources */ = {isa = PBXBuildFile; fileRef = 20B76FAA1964538600605B9F /* Images.xcassets */; };
		20B76FB21964538700605B9F /* XCTest.framework in Frameworks */ = {isa = PBXBuildFile; fileRef = 20B76FB11964538700605B9F /* XCTest.framework */; };
		20B76FB31964538700605B9F /* Foundation.framework in Frameworks */ = {isa = PBXBuildFile; fileRef = 20B76F8F1964538600605B9F /* Foundation.framework */; };
		20B76FB41964538700605B9F /* UIKit.framework in Frameworks */ = {isa = PBXBuildFile; fileRef = 20B76F931964538600605B9F /* UIKit.framework */; };
		20B76FBC1964538700605B9F /* InfoPlist.strings in Resources */ = {isa = PBXBuildFile; fileRef = 20B76FBA1964538700605B9F /* InfoPlist.strings */; };
		20B76FBE1964538700605B9F /* DeviceManagementSystemTests.m in Sources */ = {isa = PBXBuildFile; fileRef = 20B76FBD1964538700605B9F /* DeviceManagementSystemTests.m */; };
		20B9F44619698A10002353DF /* TACDeciveListTableViewController.m in Sources */ = {isa = PBXBuildFile; fileRef = 20B9F44519698A10002353DF /* TACDeciveListTableViewController.m */; };
		20B9F44919698A1F002353DF /* TACRecordListTableViewController.m in Sources */ = {isa = PBXBuildFile; fileRef = 20B9F44819698A1F002353DF /* TACRecordListTableViewController.m */; };
		20B9F44E19698AD0002353DF /* TACDeviceTableViewCell.m in Sources */ = {isa = PBXBuildFile; fileRef = 20B9F44D19698AD0002353DF /* TACDeviceTableViewCell.m */; };
		20B9F45119698ADB002353DF /* TACRecordTableViewCell.m in Sources */ = {isa = PBXBuildFile; fileRef = 20B9F45019698ADB002353DF /* TACRecordTableViewCell.m */; };
/* End PBXBuildFile section */

/* Begin PBXContainerItemProxy section */
		20B76FB51964538700605B9F /* PBXContainerItemProxy */ = {
			isa = PBXContainerItemProxy;
			containerPortal = 20B76F841964538600605B9F /* Project object */;
			proxyType = 1;
			remoteGlobalIDString = 20B76F8B1964538600605B9F;
			remoteInfo = DeviceManagementSystem;
		};
/* End PBXContainerItemProxy section */

/* Begin PBXFileReference section */
		203439E3196F132800C7752A /* TACDeviceModel.h */ = {isa = PBXFileReference; fileEncoding = 4; lastKnownFileType = sourcecode.c.h; path = TACDeviceModel.h; sourceTree = "<group>"; };
		203439E4196F132800C7752A /* TACDeviceModel.m */ = {isa = PBXFileReference; fileEncoding = 4; lastKnownFileType = sourcecode.c.objc; path = TACDeviceModel.m; sourceTree = "<group>"; };
		209BF310196F1AC000331A05 /* TACDataModel.h */ = {isa = PBXFileReference; fileEncoding = 4; lastKnownFileType = sourcecode.c.h; path = TACDataModel.h; sourceTree = "<group>"; };
		209BF311196F1AC000331A05 /* TACDataModel.m */ = {isa = PBXFileReference; fileEncoding = 4; lastKnownFileType = sourcecode.c.objc; path = TACDataModel.m; sourceTree = "<group>"; };
		209BF313196F1F3300331A05 /* TACRecordModel.h */ = {isa = PBXFileReference; fileEncoding = 4; lastKnownFileType = sourcecode.c.h; path = TACRecordModel.h; sourceTree = "<group>"; };
		209BF314196F1F3300331A05 /* TACRecordModel.m */ = {isa = PBXFileReference; fileEncoding = 4; lastKnownFileType = sourcecode.c.objc; path = TACRecordModel.m; sourceTree = "<group>"; };
		20B76F8C1964538600605B9F /* DeviceManagementSystem.app */ = {isa = PBXFileReference; explicitFileType = wrapper.application; includeInIndex = 0; path = DeviceManagementSystem.app; sourceTree = BUILT_PRODUCTS_DIR; };
		20B76F8F1964538600605B9F /* Foundation.framework */ = {isa = PBXFileReference; lastKnownFileType = wrapper.framework; name = Foundation.framework; path = System/Library/Frameworks/Foundation.framework; sourceTree = SDKROOT; };
		20B76F911964538600605B9F /* CoreGraphics.framework */ = {isa = PBXFileReference; lastKnownFileType = wrapper.framework; name = CoreGraphics.framework; path = System/Library/Frameworks/CoreGraphics.framework; sourceTree = SDKROOT; };
		20B76F931964538600605B9F /* UIKit.framework */ = {isa = PBXFileReference; lastKnownFileType = wrapper.framework; name = UIKit.framework; path = System/Library/Frameworks/UIKit.framework; sourceTree = SDKROOT; };
		20B76F971964538600605B9F /* DeviceManagementSystem-Info.plist */ = {isa = PBXFileReference; lastKnownFileType = text.plist.xml; path = "DeviceManagementSystem-Info.plist"; sourceTree = "<group>"; };
		20B76F991964538600605B9F /* en */ = {isa = PBXFileReference; lastKnownFileType = text.plist.strings; name = en; path = en.lproj/InfoPlist.strings; sourceTree = "<group>"; };
		20B76F9B1964538600605B9F /* main.m */ = {isa = PBXFileReference; lastKnownFileType = sourcecode.c.objc; path = main.m; sourceTree = "<group>"; };
		20B76F9D1964538600605B9F /* DeviceManagementSystem-Prefix.pch */ = {isa = PBXFileReference; lastKnownFileType = sourcecode.c.h; path = "DeviceManagementSystem-Prefix.pch"; sourceTree = "<group>"; };
		20B76F9E1964538600605B9F /* TACAppDelegate.h */ = {isa = PBXFileReference; lastKnownFileType = sourcecode.c.h; path = TACAppDelegate.h; sourceTree = "<group>"; };
		20B76F9F1964538600605B9F /* TACAppDelegate.m */ = {isa = PBXFileReference; lastKnownFileType = sourcecode.c.objc; path = TACAppDelegate.m; sourceTree = "<group>"; };
		20B76FA21964538600605B9F /* Base */ = {isa = PBXFileReference; lastKnownFileType = file.storyboard; name = Base; path = Base.lproj/Main.storyboard; sourceTree = "<group>"; };
		20B76FAA1964538600605B9F /* Images.xcassets */ = {isa = PBXFileReference; lastKnownFileType = folder.assetcatalog; path = Images.xcassets; sourceTree = "<group>"; };
		20B76FB01964538700605B9F /* DeviceManagementSystemTests.xctest */ = {isa = PBXFileReference; explicitFileType = wrapper.cfbundle; includeInIndex = 0; path = DeviceManagementSystemTests.xctest; sourceTree = BUILT_PRODUCTS_DIR; };
		20B76FB11964538700605B9F /* XCTest.framework */ = {isa = PBXFileReference; lastKnownFileType = wrapper.framework; name = XCTest.framework; path = Library/Frameworks/XCTest.framework; sourceTree = DEVELOPER_DIR; };
		20B76FB91964538700605B9F /* DeviceManagementSystemTests-Info.plist */ = {isa = PBXFileReference; lastKnownFileType = text.plist.xml; path = "DeviceManagementSystemTests-Info.plist"; sourceTree = "<group>"; };
		20B76FBB1964538700605B9F /* en */ = {isa = PBXFileReference; lastKnownFileType = text.plist.strings; name = en; path = en.lproj/InfoPlist.strings; sourceTree = "<group>"; };
		20B76FBD1964538700605B9F /* DeviceManagementSystemTests.m */ = {isa = PBXFileReference; lastKnownFileType = sourcecode.c.objc; path = DeviceManagementSystemTests.m; sourceTree = "<group>"; };
		20B9F44419698A10002353DF /* TACDeciveListTableViewController.h */ = {isa = PBXFileReference; fileEncoding = 4; lastKnownFileType = sourcecode.c.h; path = TACDeciveListTableViewController.h; sourceTree = "<group>"; };
		20B9F44519698A10002353DF /* TACDeciveListTableViewController.m */ = {isa = PBXFileReference; fileEncoding = 4; lastKnownFileType = sourcecode.c.objc; path = TACDeciveListTableViewController.m; sourceTree = "<group>"; };
		20B9F44719698A1F002353DF /* TACRecordListTableViewController.h */ = {isa = PBXFileReference; fileEncoding = 4; lastKnownFileType = sourcecode.c.h; path = TACRecordListTableViewController.h; sourceTree = "<group>"; };
		20B9F44819698A1F002353DF /* TACRecordListTableViewController.m */ = {isa = PBXFileReference; fileEncoding = 4; lastKnownFileType = sourcecode.c.objc; path = TACRecordListTableViewController.m; sourceTree = "<group>"; };
		20B9F44C19698AD0002353DF /* TACDeviceTableViewCell.h */ = {isa = PBXFileReference; fileEncoding = 4; lastKnownFileType = sourcecode.c.h; path = TACDeviceTableViewCell.h; sourceTree = "<group>"; };
		20B9F44D19698AD0002353DF /* TACDeviceTableViewCell.m */ = {isa = PBXFileReference; fileEncoding = 4; lastKnownFileType = sourcecode.c.objc; path = TACDeviceTableViewCell.m; sourceTree = "<group>"; };
		20B9F44F19698ADB002353DF /* TACRecordTableViewCell.h */ = {isa = PBXFileReference; fileEncoding = 4; lastKnownFileType = sourcecode.c.h; path = TACRecordTableViewCell.h; sourceTree = "<group>"; };
		20B9F45019698ADB002353DF /* TACRecordTableViewCell.m */ = {isa = PBXFileReference; fileEncoding = 4; lastKnownFileType = sourcecode.c.objc; path = TACRecordTableViewCell.m; sourceTree = "<group>"; };
/* End PBXFileReference section */

/* Begin PBXFrameworksBuildPhase section */
		20B76F891964538600605B9F /* Frameworks */ = {
			isa = PBXFrameworksBuildPhase;
			buildActionMask = 2147483647;
			files = (
				20B76F921964538600605B9F /* CoreGraphics.framework in Frameworks */,
				20B76F941964538600605B9F /* UIKit.framework in Frameworks */,
				20B76F901964538600605B9F /* Foundation.framework in Frameworks */,
			);
			runOnlyForDeploymentPostprocessing = 0;
		};
		20B76FAD1964538700605B9F /* Frameworks */ = {
			isa = PBXFrameworksBuildPhase;
			buildActionMask = 2147483647;
			files = (
				20B76FB21964538700605B9F /* XCTest.framework in Frameworks */,
				20B76FB41964538700605B9F /* UIKit.framework in Frameworks */,
				20B76FB31964538700605B9F /* Foundation.framework in Frameworks */,
			);
			runOnlyForDeploymentPostprocessing = 0;
		};
/* End PBXFrameworksBuildPhase section */

/* Begin PBXGroup section */
		204339F6196C25F100A9953C /* Model */ = {
			isa = PBXGroup;
			children = (
				203439E3196F132800C7752A /* TACDeviceModel.h */,
				203439E4196F132800C7752A /* TACDeviceModel.m */,
				209BF313196F1F3300331A05 /* TACRecordModel.h */,
				209BF314196F1F3300331A05 /* TACRecordModel.m */,
				209BF310196F1AC000331A05 /* TACDataModel.h */,
				209BF311196F1AC000331A05 /* TACDataModel.m */,
			);
			name = Model;
			sourceTree = "<group>";
		};
		20B76F831964538600605B9F = {
			isa = PBXGroup;
			children = (
				20B76F951964538600605B9F /* DeviceManagementSystem */,
				20B76FB71964538700605B9F /* DeviceManagementSystemTests */,
				20B76F8E1964538600605B9F /* Frameworks */,
				20B76F8D1964538600605B9F /* Products */,
			);
			sourceTree = "<group>";
		};
		20B76F8D1964538600605B9F /* Products */ = {
			isa = PBXGroup;
			children = (
				20B76F8C1964538600605B9F /* DeviceManagementSystem.app */,
				20B76FB01964538700605B9F /* DeviceManagementSystemTests.xctest */,
			);
			name = Products;
			sourceTree = "<group>";
		};
		20B76F8E1964538600605B9F /* Frameworks */ = {
			isa = PBXGroup;
			children = (
				20B76F8F1964538600605B9F /* Foundation.framework */,
				20B76F911964538600605B9F /* CoreGraphics.framework */,
				20B76F931964538600605B9F /* UIKit.framework */,
				20B76FB11964538700605B9F /* XCTest.framework */,
			);
			name = Frameworks;
			sourceTree = "<group>";
		};
		20B76F951964538600605B9F /* DeviceManagementSystem */ = {
			isa = PBXGroup;
			children = (
				20B76F9E1964538600605B9F /* TACAppDelegate.h */,
				20B76F9F1964538600605B9F /* TACAppDelegate.m */,
				20B76FA11964538600605B9F /* Main.storyboard */,
				20B76FAA1964538600605B9F /* Images.xcassets */,
				20B76F961964538600605B9F /* Supporting Files */,
				20B9F44A19698AA4002353DF /* ViewController */,
				20B9F44B19698AAD002353DF /* View */,
				204339F6196C25F100A9953C /* Model */,
			);
			path = DeviceManagementSystem;
			sourceTree = "<group>";
		};
		20B76F961964538600605B9F /* Supporting Files */ = {
			isa = PBXGroup;
			children = (
				20B76F971964538600605B9F /* DeviceManagementSystem-Info.plist */,
				20B76F981964538600605B9F /* InfoPlist.strings */,
				20B76F9B1964538600605B9F /* main.m */,
				20B76F9D1964538600605B9F /* DeviceManagementSystem-Prefix.pch */,
			);
			name = "Supporting Files";
			sourceTree = "<group>";
		};
		20B76FB71964538700605B9F /* DeviceManagementSystemTests */ = {
			isa = PBXGroup;
			children = (
				20B76FBD1964538700605B9F /* DeviceManagementSystemTests.m */,
				20B76FB81964538700605B9F /* Supporting Files */,
			);
			path = DeviceManagementSystemTests;
			sourceTree = "<group>";
		};
		20B76FB81964538700605B9F /* Supporting Files */ = {
			isa = PBXGroup;
			children = (
				20B76FB91964538700605B9F /* DeviceManagementSystemTests-Info.plist */,
				20B76FBA1964538700605B9F /* InfoPlist.strings */,
			);
			name = "Supporting Files";
			sourceTree = "<group>";
		};
		20B9F44A19698AA4002353DF /* ViewController */ = {
			isa = PBXGroup;
			children = (
				20B9F44419698A10002353DF /* TACDeciveListTableViewController.h */,
				20B9F44519698A10002353DF /* TACDeciveListTableViewController.m */,
				20B9F44719698A1F002353DF /* TACRecordListTableViewController.h */,
				20B9F44819698A1F002353DF /* TACRecordListTableViewController.m */,
			);
			name = ViewController;
			sourceTree = "<group>";
		};
		20B9F44B19698AAD002353DF /* View */ = {
			isa = PBXGroup;
			children = (
				20B9F44C19698AD0002353DF /* TACDeviceTableViewCell.h */,
				20B9F44D19698AD0002353DF /* TACDeviceTableViewCell.m */,
				20B9F44F19698ADB002353DF /* TACRecordTableViewCell.h */,
				20B9F45019698ADB002353DF /* TACRecordTableViewCell.m */,
			);
			name = View;
			sourceTree = "<group>";
		};
/* End PBXGroup section */

/* Begin PBXNativeTarget section */
		20B76F8B1964538600605B9F /* DeviceManagementSystem */ = {
			isa = PBXNativeTarget;
			buildConfigurationList = 20B76FC11964538700605B9F /* Build configuration list for PBXNativeTarget "DeviceManagementSystem" */;
			buildPhases = (
				20B76F881964538600605B9F /* Sources */,
				20B76F891964538600605B9F /* Frameworks */,
				20B76F8A1964538600605B9F /* Resources */,
			);
			buildRules = (
			);
			dependencies = (
			);
			name = DeviceManagementSystem;
			productName = DeviceManagementSystem;
			productReference = 20B76F8C1964538600605B9F /* DeviceManagementSystem.app */;
			productType = "com.apple.product-type.application";
		};
		20B76FAF1964538700605B9F /* DeviceManagementSystemTests */ = {
			isa = PBXNativeTarget;
			buildConfigurationList = 20B76FC41964538700605B9F /* Build configuration list for PBXNativeTarget "DeviceManagementSystemTests" */;
			buildPhases = (
				20B76FAC1964538700605B9F /* Sources */,
				20B76FAD1964538700605B9F /* Frameworks */,
				20B76FAE1964538700605B9F /* Resources */,
			);
			buildRules = (
			);
			dependencies = (
				20B76FB61964538700605B9F /* PBXTargetDependency */,
			);
			name = DeviceManagementSystemTests;
			productName = DeviceManagementSystemTests;
			productReference = 20B76FB01964538700605B9F /* DeviceManagementSystemTests.xctest */;
			productType = "com.apple.product-type.bundle.unit-test";
		};
/* End PBXNativeTarget section */

/* Begin PBXProject section */
		20B76F841964538600605B9F /* Project object */ = {
			isa = PBXProject;
			attributes = {
				CLASSPREFIX = TAC;
				LastUpgradeCheck = 0510;
				ORGANIZATIONNAME = "Tom Hu";
				TargetAttributes = {
					20B76FAF1964538700605B9F = {
						TestTargetID = 20B76F8B1964538600605B9F;
					};
				};
			};
			buildConfigurationList = 20B76F871964538600605B9F /* Build configuration list for PBXProject "DeviceManagementSystem" */;
			compatibilityVersion = "Xcode 3.2";
			developmentRegion = English;
			hasScannedForEncodings = 0;
			knownRegions = (
				en,
				Base,
			);
			mainGroup = 20B76F831964538600605B9F;
			productRefGroup = 20B76F8D1964538600605B9F /* Products */;
			projectDirPath = "";
			projectRoot = "";
			targets = (
				20B76F8B1964538600605B9F /* DeviceManagementSystem */,
				20B76FAF1964538700605B9F /* DeviceManagementSystemTests */,
			);
		};
/* End PBXProject section */

/* Begin PBXResourcesBuildPhase section */
		20B76F8A1964538600605B9F /* Resources */ = {
			isa = PBXResourcesBuildPhase;
			buildActionMask = 2147483647;
			files = (
				20B76FAB1964538600605B9F /* Images.xcassets in Resources */,
				20B76F9A1964538600605B9F /* InfoPlist.strings in Resources */,
				20B76FA31964538600605B9F /* Main.storyboard in Resources */,
			);
			runOnlyForDeploymentPostprocessing = 0;
		};
		20B76FAE1964538700605B9F /* Resources */ = {
			isa = PBXResourcesBuildPhase;
			buildActionMask = 2147483647;
			files = (
				20B76FBC1964538700605B9F /* InfoPlist.strings in Resources */,
			);
			runOnlyForDeploymentPostprocessing = 0;
		};
/* End PBXResourcesBuildPhase section */

/* Begin PBXSourcesBuildPhase section */
		20B76F881964538600605B9F /* Sources */ = {
			isa = PBXSourcesBuildPhase;
			buildActionMask = 2147483647;
			files = (
				20B9F44E19698AD0002353DF /* TACDeviceTableViewCell.m in Sources */,
				209BF315196F1F3300331A05 /* TACRecordModel.m in Sources */,
				20B76F9C1964538600605B9F /* main.m in Sources */,
				20B76FA01964538600605B9F /* TACAppDelegate.m in Sources */,
				20B9F44619698A10002353DF /* TACDeciveListTableViewController.m in Sources */,
				209BF312196F1AC000331A05 /* TACDataModel.m in Sources */,
				203439E5196F132800C7752A /* TACDeviceModel.m in Sources */,
				20B9F44919698A1F002353DF /* TACRecordListTableViewController.m in Sources */,
				20B9F45119698ADB002353DF /* TACRecordTableViewCell.m in Sources */,
			);
			runOnlyForDeploymentPostprocessing = 0;
		};
		20B76FAC1964538700605B9F /* Sources */ = {
			isa = PBXSourcesBuildPhase;
			buildActionMask = 2147483647;
			files = (
				20B76FBE1964538700605B9F /* DeviceManagementSystemTests.m in Sources */,
			);
			runOnlyForDeploymentPostprocessing = 0;
		};
/* End PBXSourcesBuildPhase section */

/* Begin PBXTargetDependency section */
		20B76FB61964538700605B9F /* PBXTargetDependency */ = {
			isa = PBXTargetDependency;
			target = 20B76F8B1964538600605B9F /* DeviceManagementSystem */;
			targetProxy = 20B76FB51964538700605B9F /* PBXContainerItemProxy */;
		};
/* End PBXTargetDependency section */

/* Begin PBXVariantGroup section */
		20B76F981964538600605B9F /* InfoPlist.strings */ = {
			isa = PBXVariantGroup;
			children = (
				20B76F991964538600605B9F /* en */,
			);
			name = InfoPlist.strings;
			sourceTree = "<group>";
		};
		20B76FA11964538600605B9F /* Main.storyboard */ = {
			isa = PBXVariantGroup;
			children = (
				20B76FA21964538600605B9F /* Base */,
			);
			name = Main.storyboard;
			sourceTree = "<group>";
		};
		20B76FBA1964538700605B9F /* InfoPlist.strings */ = {
			isa = PBXVariantGroup;
			children = (
				20B76FBB1964538700605B9F /* en */,
			);
			name = InfoPlist.strings;
			sourceTree = "<group>";
		};
/* End PBXVariantGroup section */

/* Begin XCBuildConfiguration section */
		20B76FBF1964538700605B9F /* Debug */ = {
			isa = XCBuildConfiguration;
			buildSettings = {
				ALWAYS_SEARCH_USER_PATHS = NO;
				CLANG_CXX_LANGUAGE_STANDARD = "gnu++0x";
				CLANG_CXX_LIBRARY = "libc++";
				CLANG_ENABLE_MODULES = YES;
				CLANG_ENABLE_OBJC_ARC = YES;
				CLANG_WARN_BOOL_CONVERSION = YES;
				CLANG_WARN_CONSTANT_CONVERSION = YES;
				CLANG_WARN_DIRECT_OBJC_ISA_USAGE = YES_ERROR;
				CLANG_WARN_EMPTY_BODY = YES;
				CLANG_WARN_ENUM_CONVERSION = YES;
				CLANG_WARN_INT_CONVERSION = YES;
				CLANG_WARN_OBJC_ROOT_CLASS = YES_ERROR;
				CLANG_WARN__DUPLICATE_METHOD_MATCH = YES;
				"CODE_SIGN_IDENTITY[sdk=iphoneos*]" = "iPhone Developer";
				COPY_PHASE_STRIP = NO;
				GCC_C_LANGUAGE_STANDARD = gnu99;
				GCC_DYNAMIC_NO_PIC = NO;
				GCC_OPTIMIZATION_LEVEL = 0;
				GCC_PREPROCESSOR_DEFINITIONS = (
					"DEBUG=1",
					"$(inherited)",
				);
				GCC_SYMBOLS_PRIVATE_EXTERN = NO;
				GCC_WARN_64_TO_32_BIT_CONVERSION = YES;
				GCC_WARN_ABOUT_RETURN_TYPE = YES_ERROR;
				GCC_WARN_UNDECLARED_SELECTOR = YES;
				GCC_WARN_UNINITIALIZED_AUTOS = YES_AGGRESSIVE;
				GCC_WARN_UNUSED_FUNCTION = YES;
				GCC_WARN_UNUSED_VARIABLE = YES;
				IPHONEOS_DEPLOYMENT_TARGET = 7.1;
				ONLY_ACTIVE_ARCH = YES;
				SDKROOT = iphoneos;
			};
			name = Debug;
		};
		20B76FC01964538700605B9F /* Release */ = {
			isa = XCBuildConfiguration;
			buildSettings = {
				ALWAYS_SEARCH_USER_PATHS = NO;
				CLANG_CXX_LANGUAGE_STANDARD = "gnu++0x";
				CLANG_CXX_LIBRARY = "libc++";
				CLANG_ENABLE_MODULES = YES;
				CLANG_ENABLE_OBJC_ARC = YES;
				CLANG_WARN_BOOL_CONVERSION = YES;
				CLANG_WARN_CONSTANT_CONVERSION = YES;
				CLANG_WARN_DIRECT_OBJC_ISA_USAGE = YES_ERROR;
				CLANG_WARN_EMPTY_BODY = YES;
				CLANG_WARN_ENUM_CONVERSION = YES;
				CLANG_WARN_INT_CONVERSION = YES;
				CLANG_WARN_OBJC_ROOT_CLASS = YES_ERROR;
				CLANG_WARN__DUPLICATE_METHOD_MATCH = YES;
				"CODE_SIGN_IDENTITY[sdk=iphoneos*]" = "iPhone Developer";
				COPY_PHASE_STRIP = YES;
				ENABLE_NS_ASSERTIONS = NO;
				GCC_C_LANGUAGE_STANDARD = gnu99;
				GCC_WARN_64_TO_32_BIT_CONVERSION = YES;
				GCC_WARN_ABOUT_RETURN_TYPE = YES_ERROR;
				GCC_WARN_UNDECLARED_SELECTOR = YES;
				GCC_WARN_UNINITIALIZED_AUTOS = YES_AGGRESSIVE;
				GCC_WARN_UNUSED_FUNCTION = YES;
				GCC_WARN_UNUSED_VARIABLE = YES;
				IPHONEOS_DEPLOYMENT_TARGET = 7.1;
				SDKROOT = iphoneos;
				VALIDATE_PRODUCT = YES;
			};
			name = Release;
		};
		20B76FC21964538700605B9F /* Debug */ = {
			isa = XCBuildConfiguration;
			buildSettings = {
				ASSETCATALOG_COMPILER_APPICON_NAME = AppIcon;
				ASSETCATALOG_COMPILER_LAUNCHIMAGE_NAME = LaunchImage;
				GCC_PRECOMPILE_PREFIX_HEADER = YES;
				GCC_PREFIX_HEADER = "DeviceManagementSystem/DeviceManagementSystem-Prefix.pch";
				INFOPLIST_FILE = "DeviceManagementSystem/DeviceManagementSystem-Info.plist";
				PRODUCT_NAME = "$(TARGET_NAME)";
				WRAPPER_EXTENSION = app;
			};
			name = Debug;
		};
		20B76FC31964538700605B9F /* Release */ = {
			isa = XCBuildConfiguration;
			buildSettings = {
				ASSETCATALOG_COMPILER_APPICON_NAME = AppIcon;
				ASSETCATALOG_COMPILER_LAUNCHIMAGE_NAME = LaunchImage;
				GCC_PRECOMPILE_PREFIX_HEADER = YES;
				GCC_PREFIX_HEADER = "DeviceManagementSystem/DeviceManagementSystem-Prefix.pch";
				INFOPLIST_FILE = "DeviceManagementSystem/DeviceManagementSystem-Info.plist";
				PRODUCT_NAME = "$(TARGET_NAME)";
				WRAPPER_EXTENSION = app;
			};
			name = Release;
		};
		20B76FC51964538700605B9F /* Debug */ = {
			isa = XCBuildConfiguration;
			buildSettings = {
				BUNDLE_LOADER = "$(BUILT_PRODUCTS_DIR)/DeviceManagementSystem.app/DeviceManagementSystem";
				FRAMEWORK_SEARCH_PATHS = (
					"$(SDKROOT)/Developer/Library/Frameworks",
					"$(inherited)",
					"$(DEVELOPER_FRAMEWORKS_DIR)",
				);
				GCC_PRECOMPILE_PREFIX_HEADER = YES;
				GCC_PREFIX_HEADER = "DeviceManagementSystem/DeviceManagementSystem-Prefix.pch";
				GCC_PREPROCESSOR_DEFINITIONS = (
					"DEBUG=1",
					"$(inherited)",
				);
				INFOPLIST_FILE = "DeviceManagementSystemTests/DeviceManagementSystemTests-Info.plist";
				PRODUCT_NAME = "$(TARGET_NAME)";
				TEST_HOST = "$(BUNDLE_LOADER)";
				WRAPPER_EXTENSION = xctest;
			};
			name = Debug;
		};
		20B76FC61964538700605B9F /* Release */ = {
			isa = XCBuildConfiguration;
			buildSettings = {
				BUNDLE_LOADER = "$(BUILT_PRODUCTS_DIR)/DeviceManagementSystem.app/DeviceManagementSystem";
				FRAMEWORK_SEARCH_PATHS = (
					"$(SDKROOT)/Developer/Library/Frameworks",
					"$(inherited)",
					"$(DEVELOPER_FRAMEWORKS_DIR)",
				);
				GCC_PRECOMPILE_PREFIX_HEADER = YES;
				GCC_PREFIX_HEADER = "DeviceManagementSystem/DeviceManagementSystem-Prefix.pch";
				INFOPLIST_FILE = "DeviceManagementSystemTests/DeviceManagementSystemTests-Info.plist";
				PRODUCT_NAME = "$(TARGET_NAME)";
				TEST_HOST = "$(BUNDLE_LOADER)";
				WRAPPER_EXTENSION = xctest;
			};
			name = Release;
		};
/* End XCBuildConfiguration section */

/* Begin XCConfigurationList section */
		20B76F871964538600605B9F /* Build configuration list for PBXProject "DeviceManagementSystem" */ = {
			isa = XCConfigurationList;
			buildConfigurations = (
				20B76FBF1964538700605B9F /* Debug */,
				20B76FC01964538700605B9F /* Release */,
			);
			defaultConfigurationIsVisible = 0;
			defaultConfigurationName = Release;
		};
		20B76FC11964538700605B9F /* Build configuration list for PBXNativeTarget "DeviceManagementSystem" */ = {
			isa = XCConfigurationList;
			buildConfigurations = (
				20B76FC21964538700605B9F /* Debug */,
				20B76FC31964538700605B9F /* Release */,
			);
			defaultConfigurationIsVisible = 0;
			defaultConfigurationName = Release;
		};
		20B76FC41964538700605B9F /* Build configuration list for PBXNativeTarget "DeviceManagementSystemTests" */ = {
			isa = XCConfigurationList;
			buildConfigurations = (
				20B76FC51964538700605B9F /* Debug */,
				20B76FC61964538700605B9F /* Release */,
			);
			defaultConfigurationIsVisible = 0;
			defaultConfigurationName = Release;
		};
/* End XCConfigurationList section */
	};
	rootObject = 20B76F841964538600605B9F /* Project object */;
}
